
Microsoft Visual Studio Solution File, Format Version 12.00
# Visual Studio Version 17
VisualStudioVersion = 17.5.002.0
MinimumVisualStudioVersion = 10.0.40219.1
Project("{9A19103F-16F7-4668-BE54-9A1E7A4F7556}") = "TypesAndVariables", "TypesAndVariables.csproj", "{221E0044-075A-41ED-9856-07E72CC90830}"
EndProject
Global
	GlobalSection(SolutionConfigurationPlatforms) = preSolution
		Debug|Any CPU = Debug|Any CPU
		Release|Any CPU = Release|Any CPU
	EndGlobalSection
	GlobalSection(ProjectConfigurationPlatforms) = postSolution
		{221E0044-075A-41ED-9856-07E72CC90830}.Debug|Any CPU.ActiveCfg = Debug|Any CPU
		{221E0044-075A-41ED-9856-07E72CC90830}.Debug|Any CPU.Build.0 = Debug|Any CPU
		{221E0044-075A-41ED-9856-07E72CC90830}.Release|Any CPU.ActiveCfg = Release|Any CPU
		{221E0044-075A-41ED-9856-07E72CC90830}.Release|Any CPU.Build.0 = Release|Any CPU
	EndGlobalSection
	GlobalSection(SolutionProperties) = preSolution
		HideSolutionNode = FALSE
	EndGlobalSection
	GlobalSection(ExtensibilityGlobals) = postSolution
		SolutionGuid = {939ADF1D-9AD9-401E-BB83-C3B8E5E7C094}
	EndGlobalSection
EndGlobal
